
Microsoft Visual Studio Solution File, Format Version 12.00
# Visual Studio Version 17
VisualStudioVersion = 17.13.35919.96
MinimumVisualStudioVersion = 10.0.40219.1
Project("{FAE04EC0-301F-11D3-BF4B-00C04F79EFBC}") = "SagraFacile.NET.API", "SagraFacile.NET.API\SagraFacile.NET.API.csproj", "{C904F579-8C10-4585-A485-7692A82A2144}"
EndProject
Project("{FAE04EC0-301F-11D3-BF4B-00C04F79EFBC}") = "SagraFacile.NET.API.Tests.Integration", "SagraFacile.NET.API.Tests.Integration\SagraFacile.NET.API.Tests.Integration.csproj", "{B106A921-2FFE-D073-91F5-04C603D66509}"
EndProject
Project("{FAE04EC0-301F-11D3-BF4B-00C04F79EFBC}") = "SagraFacile.WindowsPrinterService", "SagraFacile.WindowsPrinterService\SagraFacile.WindowsPrinterService.csproj", "{D2A37585-EE42-4862-BFCA-E451856A0C3E}"
EndProject
Global
	GlobalSection(SolutionConfigurationPlatforms) = preSolution
		Debug|Any CPU = Debug|Any CPU
		Debug|x64 = Debug|x64
		Debug|x86 = Debug|x86
		Release|Any CPU = Release|Any CPU
		Release|x64 = Release|x64
		Release|x86 = Release|x86
	EndGlobalSection
	GlobalSection(ProjectConfigurationPlatforms) = postSolution
		{C904F579-8C10-4585-A485-7692A82A2144}.Debug|Any CPU.ActiveCfg = Debug|Any CPU
		{C904F579-8C10-4585-A485-7692A82A2144}.Debug|Any CPU.Build.0 = Debug|Any CPU
		{C904F579-8C10-4585-A485-7692A82A2144}.Debug|x64.ActiveCfg = Debug|Any CPU
		{C904F579-8C10-4585-A485-7692A82A2144}.Debug|x64.Build.0 = Debug|Any CPU
		{C904F579-8C10-4585-A485-7692A82A2144}.Debug|x86.ActiveCfg = Debug|Any CPU
		{C904F579-8C10-4585-A485-7692A82A2144}.Debug|x86.Build.0 = Debug|Any CPU
		{C904F579-8C10-4585-A485-7692A82A2144}.Release|Any CPU.ActiveCfg = Release|Any CPU
		{C904F579-8C10-4585-A485-7692A82A2144}.Release|Any CPU.Build.0 = Release|Any CPU
		{C904F579-8C10-4585-A485-7692A82A2144}.Release|x64.ActiveCfg = Release|Any CPU
		{C904F579-8C10-4585-A485-7692A82A2144}.Release|x64.Build.0 = Release|Any CPU
		{C904F579-8C10-4585-A485-7692A82A2144}.Release|x86.ActiveCfg = Release|Any CPU
		{C904F579-8C10-4585-A485-7692A82A2144}.Release|x86.Build.0 = Release|Any CPU
		{B106A921-2FFE-D073-91F5-04C603D66509}.Debug|Any CPU.ActiveCfg = Debug|Any CPU
		{B106A921-2FFE-D073-91F5-04C603D66509}.Debug|Any CPU.Build.0 = Debug|Any CPU
		{B106A921-2FFE-D073-91F5-04C603D66509}.Debug|x64.ActiveCfg = Debug|Any CPU
		{B106A921-2FFE-D073-91F5-04C603D66509}.Debug|x64.Build.0 = Debug|Any CPU
		{B106A921-2FFE-D073-91F5-04C603D66509}.Debug|x86.ActiveCfg = Debug|Any CPU
		{B106A921-2FFE-D073-91F5-04C603D66509}.Debug|x86.Build.0 = Debug|Any CPU
		{B106A921-2FFE-D073-91F5-04C603D66509}.Release|Any CPU.ActiveCfg = Release|Any CPU
		{B106A921-2FFE-D073-91F5-04C603D66509}.Release|Any CPU.Build.0 = Release|Any CPU
		{B106A921-2FFE-D073-91F5-04C603D66509}.Release|x64.ActiveCfg = Release|Any CPU
		{B106A921-2FFE-D073-91F5-04C603D66509}.Release|x64.Build.0 = Release|Any CPU
		{B106A921-2FFE-D073-91F5-04C603D66509}.Release|x86.ActiveCfg = Release|Any CPU
		{B106A921-2FFE-D073-91F5-04C603D66509}.Release|x86.Build.0 = Release|Any CPU
		{D2A37585-EE42-4862-BFCA-E451856A0C3E}.Debug|Any CPU.ActiveCfg = Debug|Any CPU
		{D2A37585-EE42-4862-BFCA-E451856A0C3E}.Debug|Any CPU.Build.0 = Debug|Any CPU
		{D2A37585-EE42-4862-BFCA-E451856A0C3E}.Debug|x64.ActiveCfg = Debug|Any CPU
		{D2A37585-EE42-4862-BFCA-E451856A0C3E}.Debug|x64.Build.0 = Debug|Any CPU
		{D2A37585-EE42-4862-BFCA-E451856A0C3E}.Debug|x86.ActiveCfg = Debug|Any CPU
		{D2A37585-EE42-4862-BFCA-E451856A0C3E}.Debug|x86.Build.0 = Debug|Any CPU
		{D2A37585-EE42-4862-BFCA-E451856A0C3E}.Release|Any CPU.ActiveCfg = Release|Any CPU
		{D2A37585-EE42-4862-BFCA-E451856A0C3E}.Release|Any CPU.Build.0 = Release|Any CPU
		{D2A37585-EE42-4862-BFCA-E451856A0C3E}.Release|x64.ActiveCfg = Release|Any CPU
		{D2A37585-EE42-4862-BFCA-E451856A0C3E}.Release|x64.Build.0 = Release|Any CPU
		{D2A37585-EE42-4862-BFCA-E451856A0C3E}.Release|x86.ActiveCfg = Release|Any CPU
		{D2A37585-EE42-4862-BFCA-E451856A0C3E}.Release|x86.Build.0 = Release|Any CPU
	EndGlobalSection
	GlobalSection(SolutionProperties) = preSolution
		HideSolutionNode = FALSE
	EndGlobalSection
	GlobalSection(ExtensibilityGlobals) = postSolution
		SolutionGuid = {F0FA1C2F-8E8A-489F-B09B-5DD8345695D9}
	EndGlobalSection
EndGlobal
